
Microsoft Visual Studio Solution File, Format Version 12.00
# Visual Studio Version 17
VisualStudioVersion = 17.11.35312.102
MinimumVisualStudioVersion = 10.0.40219.1
Project("{FAE04EC0-301F-11D3-BF4B-00C04F79EFBC}") = "fall2024-assignment3-sixao8", "fall2024-assignment3-sixao8.csproj", "{8A23C6C2-4FDC-4890-9837-C843B30F3431}"
EndProject
Global
	GlobalSection(SolutionConfigurationPlatforms) = preSolution
		Debug|Any CPU = Debug|Any CPU
		Release|Any CPU = Release|Any CPU
	EndGlobalSection
	GlobalSection(ProjectConfigurationPlatforms) = postSolution
		{8A23C6C2-4FDC-4890-9837-C843B30F3431}.Debug|Any CPU.ActiveCfg = Debug|Any CPU
		{8A23C6C2-4FDC-4890-9837-C843B30F3431}.Debug|Any CPU.Build.0 = Debug|Any CPU
		{8A23C6C2-4FDC-4890-9837-C843B30F3431}.Release|Any CPU.ActiveCfg = Release|Any CPU
		{8A23C6C2-4FDC-4890-9837-C843B30F3431}.Release|Any CPU.Build.0 = Release|Any CPU
	EndGlobalSection
	GlobalSection(SolutionProperties) = preSolution
		HideSolutionNode = FALSE
	EndGlobalSection
	GlobalSection(ExtensibilityGlobals) = postSolution
		SolutionGuid = {925E12FF-C370-4986-B8C6-58D28490DB25}
	EndGlobalSection
EndGlobal
